
Microsoft Visual Studio Solution File, Format Version 12.00
# Visual Studio Version 17
VisualStudioVersion = 17.5.33424.131
MinimumVisualStudioVersion = 10.0.40219.1
Project("{FAE04EC0-301F-11D3-BF4B-00C04F79EFBC}") = "Практическая5", "Практическая5\Практическая5.csproj", "{385D0200-A3B6-47D9-9C2B-E3E5C684C6CD}"
EndProject
Global
	GlobalSection(SolutionConfigurationPlatforms) = preSolution
		Debug|Any CPU = Debug|Any CPU
		Release|Any CPU = Release|Any CPU
	EndGlobalSection
	GlobalSection(ProjectConfigurationPlatforms) = postSolution
		{385D0200-A3B6-47D9-9C2B-E3E5C684C6CD}.Debug|Any CPU.ActiveCfg = Debug|Any CPU
		{385D0200-A3B6-47D9-9C2B-E3E5C684C6CD}.Debug|Any CPU.Build.0 = Debug|Any CPU
		{385D0200-A3B6-47D9-9C2B-E3E5C684C6CD}.Release|Any CPU.ActiveCfg = Release|Any CPU
		{385D0200-A3B6-47D9-9C2B-E3E5C684C6CD}.Release|Any CPU.Build.0 = Release|Any CPU
	EndGlobalSection
	GlobalSection(SolutionProperties) = preSolution
		HideSolutionNode = FALSE
	EndGlobalSection
	GlobalSection(ExtensibilityGlobals) = postSolution
		SolutionGuid = {59F19678-5D72-4C28-B024-BA0986366AC8}
	EndGlobalSection
EndGlobal
